// !$*UTF8*$!
{
	archiveVersion = 1;
	classes = {
	};
	objectVersion = 55;
	objects = {

/* Begin PBXBuildFile section */
		3F594731837872CBF15C4226 /* Pods_CurrencyExchange_MVVM.framework in Frameworks */ = {isa = PBXBuildFile; fileRef = 040AD356C2E6C54AC03F691A /* Pods_CurrencyExchange_MVVM.framework */; };
		706C6AC428200B550038484C /* Localizable.strings in Resources */ = {isa = PBXBuildFile; fileRef = 706C6AC628200B550038484C /* Localizable.strings */; };
		706C6AC928200EC80038484C /* DetailsViewModel.swift in Sources */ = {isa = PBXBuildFile; fileRef = 706C6AC828200EC80038484C /* DetailsViewModel.swift */; };
		706D0E4928290BC1006FD23D /* SingleCurrencyModel.swift in Sources */ = {isa = PBXBuildFile; fileRef = 706D0E4828290BC1006FD23D /* SingleCurrencyModel.swift */; };
		70C34575280D9AF80067504D /* AppDelegate.swift in Sources */ = {isa = PBXBuildFile; fileRef = 70C34574280D9AF80067504D /* AppDelegate.swift */; };
		70C34577280D9AF80067504D /* SceneDelegate.swift in Sources */ = {isa = PBXBuildFile; fileRef = 70C34576280D9AF80067504D /* SceneDelegate.swift */; };
		70C34579280D9AF80067504D /* ViewController.swift in Sources */ = {isa = PBXBuildFile; fileRef = 70C34578280D9AF80067504D /* ViewController.swift */; };
		70C3457C280D9AF80067504D /* Main.storyboard in Resources */ = {isa = PBXBuildFile; fileRef = 70C3457A280D9AF80067504D /* Main.storyboard */; };
		70C3457E280D9AFB0067504D /* Assets.xcassets in Resources */ = {isa = PBXBuildFile; fileRef = 70C3457D280D9AFB0067504D /* Assets.xcassets */; };
		70C34581280D9AFB0067504D /* LaunchScreen.storyboard in Resources */ = {isa = PBXBuildFile; fileRef = 70C3457F280D9AFB0067504D /* LaunchScreen.storyboard */; };
		70C3458C280D9DCD0067504D /* ApiServices.swift in Sources */ = {isa = PBXBuildFile; fileRef = 70C3458B280D9DCD0067504D /* ApiServices.swift */; };
		70C3458F280DA2220067504D /* MainViewModel.swift in Sources */ = {isa = PBXBuildFile; fileRef = 70C3458E280DA2220067504D /* MainViewModel.swift */; };
		70C34591280DA2D10067504D /* RateModel.swift in Sources */ = {isa = PBXBuildFile; fileRef = 70C34590280DA2D10067504D /* RateModel.swift */; };
		70C34593280DA3D70067504D /* CurrencyModel.swift in Sources */ = {isa = PBXBuildFile; fileRef = 70C34592280DA3D70067504D /* CurrencyModel.swift */; };
		70C34598280DACB00067504D /* RateTableViewCell.swift in Sources */ = {isa = PBXBuildFile; fileRef = 70C34596280DACB00067504D /* RateTableViewCell.swift */; };
		70C34599280DACB00067504D /* RateTableViewCell.xib in Resources */ = {isa = PBXBuildFile; fileRef = 70C34597280DACB00067504D /* RateTableViewCell.xib */; };
		70C3459C280DBAAA0067504D /* DetailsViewController.swift in Sources */ = {isa = PBXBuildFile; fileRef = 70C3459B280DBAAA0067504D /* DetailsViewController.swift */; };
/* End PBXBuildFile section */

/* Begin PBXFileReference section */
		040AD356C2E6C54AC03F691A /* Pods_CurrencyExchange_MVVM.framework */ = {isa = PBXFileReference; explicitFileType = wrapper.framework; includeInIndex = 0; path = Pods_CurrencyExchange_MVVM.framework; sourceTree = BUILT_PRODUCTS_DIR; };
		298E0E69F67AF6C9ACD15865 /* Pods-CurrencyExchange_MVVM.release.xcconfig */ = {isa = PBXFileReference; includeInIndex = 1; lastKnownFileType = text.xcconfig; name = "Pods-CurrencyExchange_MVVM.release.xcconfig"; path = "Target Support Files/Pods-CurrencyExchange_MVVM/Pods-CurrencyExchange_MVVM.release.xcconfig"; sourceTree = "<group>"; };
		706C6AC1282008510038484C /* pl */ = {isa = PBXFileReference; lastKnownFileType = text.plist.strings; name = pl; path = pl.lproj/Main.strings; sourceTree = "<group>"; };
		706C6AC528200B550038484C /* en */ = {isa = PBXFileReference; lastKnownFileType = text.plist.strings; name = en; path = en.lproj/Localizable.strings; sourceTree = "<group>"; };
		706C6AC728200B570038484C /* pl */ = {isa = PBXFileReference; lastKnownFileType = text.plist.strings; name = pl; path = pl.lproj/Localizable.strings; sourceTree = "<group>"; };
		706C6AC828200EC80038484C /* DetailsViewModel.swift */ = {isa = PBXFileReference; lastKnownFileType = sourcecode.swift; path = DetailsViewModel.swift; sourceTree = "<group>"; };
		706D0E4828290BC1006FD23D /* SingleCurrencyModel.swift */ = {isa = PBXFileReference; lastKnownFileType = sourcecode.swift; path = SingleCurrencyModel.swift; sourceTree = "<group>"; };
		70C34571280D9AF80067504D /* CurrencyExchange_MVVM.app */ = {isa = PBXFileReference; explicitFileType = wrapper.application; includeInIndex = 0; path = CurrencyExchange_MVVM.app; sourceTree = BUILT_PRODUCTS_DIR; };
		70C34574280D9AF80067504D /* AppDelegate.swift */ = {isa = PBXFileReference; lastKnownFileType = sourcecode.swift; path = AppDelegate.swift; sourceTree = "<group>"; };
		70C34576280D9AF80067504D /* SceneDelegate.swift */ = {isa = PBXFileReference; lastKnownFileType = sourcecode.swift; path = SceneDelegate.swift; sourceTree = "<group>"; };
		70C34578280D9AF80067504D /* ViewController.swift */ = {isa = PBXFileReference; lastKnownFileType = sourcecode.swift; path = ViewController.swift; sourceTree = "<group>"; };
		70C3457B280D9AF80067504D /* Base */ = {isa = PBXFileReference; lastKnownFileType = file.storyboard; name = Base; path = Base.lproj/Main.storyboard; sourceTree = "<group>"; };
		70C3457D280D9AFB0067504D /* Assets.xcassets */ = {isa = PBXFileReference; lastKnownFileType = folder.assetcatalog; path = Assets.xcassets; sourceTree = "<group>"; };
		70C34580280D9AFB0067504D /* Base */ = {isa = PBXFileReference; lastKnownFileType = file.storyboard; name = Base; path = Base.lproj/LaunchScreen.storyboard; sourceTree = "<group>"; };
		70C34582280D9AFB0067504D /* Info.plist */ = {isa = PBXFileReference; lastKnownFileType = text.plist.xml; path = Info.plist; sourceTree = "<group>"; };
		70C3458B280D9DCD0067504D /* ApiServices.swift */ = {isa = PBXFileReference; lastKnownFileType = sourcecode.swift; path = ApiServices.swift; sourceTree = "<group>"; };
		70C3458E280DA2220067504D /* MainViewModel.swift */ = {isa = PBXFileReference; lastKnownFileType = sourcecode.swift; path = MainViewModel.swift; sourceTree = "<group>"; };
		70C34590280DA2D10067504D /* RateModel.swift */ = {isa = PBXFileReference; lastKnownFileType = sourcecode.swift; path = RateModel.swift; sourceTree = "<group>"; };
		70C34592280DA3D70067504D /* CurrencyModel.swift */ = {isa = PBXFileReference; lastKnownFileType = sourcecode.swift; path = CurrencyModel.swift; sourceTree = "<group>"; };
		70C34596280DACB00067504D /* RateTableViewCell.swift */ = {isa = PBXFileReference; lastKnownFileType = sourcecode.swift; path = RateTableViewCell.swift; sourceTree = "<group>"; };
		70C34597280DACB00067504D /* RateTableViewCell.xib */ = {isa = PBXFileReference; lastKnownFileType = file.xib; path = RateTableViewCell.xib; sourceTree = "<group>"; };
		70C3459B280DBAAA0067504D /* DetailsViewController.swift */ = {isa = PBXFileReference; lastKnownFileType = sourcecode.swift; path = DetailsViewController.swift; sourceTree = "<group>"; };
		81DADE6E9F58C4190FDBA042 /* Pods-CurrencyExchange_MVVM.debug.xcconfig */ = {isa = PBXFileReference; includeInIndex = 1; lastKnownFileType = text.xcconfig; name = "Pods-CurrencyExchange_MVVM.debug.xcconfig"; path = "Target Support Files/Pods-CurrencyExchange_MVVM/Pods-CurrencyExchange_MVVM.debug.xcconfig"; sourceTree = "<group>"; };
/* End PBXFileReference section */

/* Begin PBXFrameworksBuildPhase section */
		70C3456E280D9AF80067504D /* Frameworks */ = {
			isa = PBXFrameworksBuildPhase;
			buildActionMask = 2147483647;
			files = (
				3F594731837872CBF15C4226 /* Pods_CurrencyExchange_MVVM.framework in Frameworks */,
			);
			runOnlyForDeploymentPostprocessing = 0;
		};
/* End PBXFrameworksBuildPhase section */

/* Begin PBXGroup section */
		70C34568280D9AF80067504D = {
			isa = PBXGroup;
			children = (
				70C34573280D9AF80067504D /* CurrencyExchange_MVVM */,
				70C34572280D9AF80067504D /* Products */,
				87EFB2358A2C38DFB162BB9F /* Pods */,
				7DE7A564697B653B89875BD7 /* Frameworks */,
			);
			sourceTree = "<group>";
		};
		70C34572280D9AF80067504D /* Products */ = {
			isa = PBXGroup;
			children = (
				70C34571280D9AF80067504D /* CurrencyExchange_MVVM.app */,
			);
			name = Products;
			sourceTree = "<group>";
		};
		70C34573280D9AF80067504D /* CurrencyExchange_MVVM */ = {
			isa = PBXGroup;
			children = (
				70C3458D280D9DE90067504D /* Models */,
				70C3458A280D9DAC0067504D /* Helpers */,
				70C34588280D9B1B0067504D /* Views */,
				70C34574280D9AF80067504D /* AppDelegate.swift */,
				70C34576280D9AF80067504D /* SceneDelegate.swift */,
				70C3457A280D9AF80067504D /* Main.storyboard */,
				70C3457D280D9AFB0067504D /* Assets.xcassets */,
				70C3457F280D9AFB0067504D /* LaunchScreen.storyboard */,
				70C34582280D9AFB0067504D /* Info.plist */,
				706C6AC628200B550038484C /* Localizable.strings */,
			);
			path = CurrencyExchange_MVVM;
			sourceTree = "<group>";
		};
		70C34588280D9B1B0067504D /* Views */ = {
			isa = PBXGroup;
			children = (
				70C3459A280DB9FF0067504D /* CurrencyView */,
				70C34589280D9B2C0067504D /* MainView */,
			);
			path = Views;
			sourceTree = "<group>";
		};
		70C34589280D9B2C0067504D /* MainView */ = {
			isa = PBXGroup;
			children = (
				70C34594280DAC690067504D /* Cell */,
				70C34578280D9AF80067504D /* ViewController.swift */,
				70C3458E280DA2220067504D /* MainViewModel.swift */,
			);
			path = MainView;
			sourceTree = "<group>";
		};
		70C3458A280D9DAC0067504D /* Helpers */ = {
			isa = PBXGroup;
			children = (
				70C3458B280D9DCD0067504D /* ApiServices.swift */,
			);
			path = Helpers;
			sourceTree = "<group>";
		};
		70C3458D280D9DE90067504D /* Models */ = {
			isa = PBXGroup;
			children = (
				70C34590280DA2D10067504D /* RateModel.swift */,
				70C34592280DA3D70067504D /* CurrencyModel.swift */,
				706D0E4828290BC1006FD23D /* SingleCurrencyModel.swift */,
			);
			path = Models;
			sourceTree = "<group>";
		};
		70C34594280DAC690067504D /* Cell */ = {
			isa = PBXGroup;
			children = (
				70C34596280DACB00067504D /* RateTableViewCell.swift */,
				70C34597280DACB00067504D /* RateTableViewCell.xib */,
			);
			path = Cell;
			sourceTree = "<group>";
		};
		70C3459A280DB9FF0067504D /* CurrencyView */ = {
			isa = PBXGroup;
			children = (
				70C3459B280DBAAA0067504D /* DetailsViewController.swift */,
				706C6AC828200EC80038484C /* DetailsViewModel.swift */,
			);
			path = CurrencyView;
			sourceTree = "<group>";
		};
		7DE7A564697B653B89875BD7 /* Frameworks */ = {
			isa = PBXGroup;
			children = (
				040AD356C2E6C54AC03F691A /* Pods_CurrencyExchange_MVVM.framework */,
			);
			name = Frameworks;
			sourceTree = "<group>";
		};
		87EFB2358A2C38DFB162BB9F /* Pods */ = {
			isa = PBXGroup;
			children = (
				81DADE6E9F58C4190FDBA042 /* Pods-CurrencyExchange_MVVM.debug.xcconfig */,
				298E0E69F67AF6C9ACD15865 /* Pods-CurrencyExchange_MVVM.release.xcconfig */,
			);
			path = Pods;
			sourceTree = "<group>";
		};
/* End PBXGroup section */

/* Begin PBXNativeTarget section */
		70C34570280D9AF80067504D /* CurrencyExchange_MVVM */ = {
			isa = PBXNativeTarget;
			buildConfigurationList = 70C34585280D9AFB0067504D /* Build configuration list for PBXNativeTarget "CurrencyExchange_MVVM" */;
			buildPhases = (
				04B9ACB722A21AC2F01D6C3F /* [CP] Check Pods Manifest.lock */,
				70C3456D280D9AF80067504D /* Sources */,
				70C3456E280D9AF80067504D /* Frameworks */,
				70C3456F280D9AF80067504D /* Resources */,
				B97A4D1F56416B53BBAA6D0A /* [CP] Embed Pods Frameworks */,
			);
			buildRules = (
			);
			dependencies = (
			);
			name = CurrencyExchange_MVVM;
			productName = CurrencyExchange_MVVM;
			productReference = 70C34571280D9AF80067504D /* CurrencyExchange_MVVM.app */;
			productType = "com.apple.product-type.application";
		};
/* End PBXNativeTarget section */

/* Begin PBXProject section */
		70C34569280D9AF80067504D /* Project object */ = {
			isa = PBXProject;
			attributes = {
				BuildIndependentTargetsInParallel = 1;
				LastSwiftUpdateCheck = 1330;
				LastUpgradeCheck = 1330;
				TargetAttributes = {
					70C34570280D9AF80067504D = {
						CreatedOnToolsVersion = 13.3.1;
					};
				};
			};
			buildConfigurationList = 70C3456C280D9AF80067504D /* Build configuration list for PBXProject "CurrencyExchange_MVVM" */;
			compatibilityVersion = "Xcode 13.0";
			developmentRegion = en;
			hasScannedForEncodings = 0;
			knownRegions = (
				en,
				Base,
				pl,
			);
			mainGroup = 70C34568280D9AF80067504D;
			productRefGroup = 70C34572280D9AF80067504D /* Products */;
			projectDirPath = "";
			projectRoot = "";
			targets = (
				70C34570280D9AF80067504D /* CurrencyExchange_MVVM */,
			);
		};
/* End PBXProject section */

/* Begin PBXResourcesBuildPhase section */
		70C3456F280D9AF80067504D /* Resources */ = {
			isa = PBXResourcesBuildPhase;
			buildActionMask = 2147483647;
			files = (
				706C6AC428200B550038484C /* Localizable.strings in Resources */,
				70C34581280D9AFB0067504D /* LaunchScreen.storyboard in Resources */,
				70C34599280DACB00067504D /* RateTableViewCell.xib in Resources */,
				70C3457E280D9AFB0067504D /* Assets.xcassets in Resources */,
				70C3457C280D9AF80067504D /* Main.storyboard in Resources */,
			);
			runOnlyForDeploymentPostprocessing = 0;
		};
/* End PBXResourcesBuildPhase section */

/* Begin PBXShellScriptBuildPhase section */
		04B9ACB722A21AC2F01D6C3F /* [CP] Check Pods Manifest.lock */ = {
			isa = PBXShellScriptBuildPhase;
			buildActionMask = 2147483647;
			files = (
			);
			inputFileListPaths = (
			);
			inputPaths = (
				"${PODS_PODFILE_DIR_PATH}/Podfile.lock",
				"${PODS_ROOT}/Manifest.lock",
			);
			name = "[CP] Check Pods Manifest.lock";
			outputFileListPaths = (
			);
			outputPaths = (
				"$(DERIVED_FILE_DIR)/Pods-CurrencyExchange_MVVM-checkManifestLockResult.txt",
			);
			runOnlyForDeploymentPostprocessing = 0;
			shellPath = /bin/sh;
			shellScript = "diff \"${PODS_PODFILE_DIR_PATH}/Podfile.lock\" \"${PODS_ROOT}/Manifest.lock\" > /dev/null\nif [ $? != 0 ] ; then\n    # print error to STDERR\n    echo \"error: The sandbox is not in sync with the Podfile.lock. Run 'pod install' or update your CocoaPods installation.\" >&2\n    exit 1\nfi\n# This output is used by Xcode 'outputs' to avoid re-running this script phase.\necho \"SUCCESS\" > \"${SCRIPT_OUTPUT_FILE_0}\"\n";
			showEnvVarsInLog = 0;
		};
		B97A4D1F56416B53BBAA6D0A /* [CP] Embed Pods Frameworks */ = {
			isa = PBXShellScriptBuildPhase;
			buildActionMask = 2147483647;
			files = (
			);
			inputFileListPaths = (
				"${PODS_ROOT}/Target Support Files/Pods-CurrencyExchange_MVVM/Pods-CurrencyExchange_MVVM-frameworks-${CONFIGURATION}-input-files.xcfilelist",
			);
			name = "[CP] Embed Pods Frameworks";
			outputFileListPaths = (
				"${PODS_ROOT}/Target Support Files/Pods-CurrencyExchange_MVVM/Pods-CurrencyExchange_MVVM-frameworks-${CONFIGURATION}-output-files.xcfilelist",
			);
			runOnlyForDeploymentPostprocessing = 0;
			shellPath = /bin/sh;
			shellScript = "\"${PODS_ROOT}/Target Support Files/Pods-CurrencyExchange_MVVM/Pods-CurrencyExchange_MVVM-frameworks.sh\"\n";
			showEnvVarsInLog = 0;
		};
/* End PBXShellScriptBuildPhase section */

/* Begin PBXSourcesBuildPhase section */
		70C3456D280D9AF80067504D /* Sources */ = {
			isa = PBXSourcesBuildPhase;
			buildActionMask = 2147483647;
			files = (
				70C34593280DA3D70067504D /* CurrencyModel.swift in Sources */,
				70C34598280DACB00067504D /* RateTableViewCell.swift in Sources */,
				706D0E4928290BC1006FD23D /* SingleCurrencyModel.swift in Sources */,
				70C3458F280DA2220067504D /* MainViewModel.swift in Sources */,
				70C34579280D9AF80067504D /* ViewController.swift in Sources */,
				70C3459C280DBAAA0067504D /* DetailsViewController.swift in Sources */,
				70C34591280DA2D10067504D /* RateModel.swift in Sources */,
				70C34575280D9AF80067504D /* AppDelegate.swift in Sources */,
				706C6AC928200EC80038484C /* DetailsViewModel.swift in Sources */,
				70C3458C280D9DCD0067504D /* ApiServices.swift in Sources */,
				70C34577280D9AF80067504D /* SceneDelegate.swift in Sources */,
			);
			runOnlyForDeploymentPostprocessing = 0;
		};
/* End PBXSourcesBuildPhase section */

/* Begin PBXVariantGroup section */
		706C6AC628200B550038484C /* Localizable.strings */ = {
			isa = PBXVariantGroup;
			children = (
				706C6AC528200B550038484C /* en */,
				706C6AC728200B570038484C /* pl */,
			);
			name = Localizable.strings;
			sourceTree = "<group>";
		};
		70C3457A280D9AF80067504D /* Main.storyboard */ = {
			isa = PBXVariantGroup;
			children = (
				70C3457B280D9AF80067504D /* Base */,
				706C6AC1282008510038484C /* pl */,
			);
			name = Main.storyboard;
			sourceTree = "<group>";
		};
		70C3457F280D9AFB0067504D /* LaunchScreen.storyboard */ = {
			isa = PBXVariantGroup;
			children = (
				70C34580280D9AFB0067504D /* Base */,
			);
			name = LaunchScreen.storyboard;
			sourceTree = "<group>";
		};
/* End PBXVariantGroup section */

/* Begin XCBuildConfiguration section */
		70C34583280D9AFB0067504D /* Debug */ = {
			isa = XCBuildConfiguration;
			buildSettings = {
				ALWAYS_SEARCH_USER_PATHS = NO;
				CLANG_ANALYZER_LOCALIZABILITY_NONLOCALIZED = YES;
				CLANG_ANALYZER_NONNULL = YES;
				CLANG_ANALYZER_NUMBER_OBJECT_CONVERSION = YES_AGGRESSIVE;
				CLANG_CXX_LANGUAGE_STANDARD = "gnu++17";
				CLANG_ENABLE_MODULES = YES;
				CLANG_ENABLE_OBJC_ARC = YES;
				CLANG_ENABLE_OBJC_WEAK = YES;
				CLANG_WARN_BLOCK_CAPTURE_AUTORELEASING = YES;
				CLANG_WARN_BOOL_CONVERSION = YES;
				CLANG_WARN_COMMA = YES;
				CLANG_WARN_CONSTANT_CONVERSION = YES;
				CLANG_WARN_DEPRECATED_OBJC_IMPLEMENTATIONS = YES;
				CLANG_WARN_DIRECT_OBJC_ISA_USAGE = YES_ERROR;
				CLANG_WARN_DOCUMENTATION_COMMENTS = YES;
				CLANG_WARN_EMPTY_BODY = YES;
				CLANG_WARN_ENUM_CONVERSION = YES;
				CLANG_WARN_INFINITE_RECURSION = YES;
				CLANG_WARN_INT_CONVERSION = YES;
				CLANG_WARN_NON_LITERAL_NULL_CONVERSION = YES;
				CLANG_WARN_OBJC_IMPLICIT_RETAIN_SELF = YES;
				CLANG_WARN_OBJC_LITERAL_CONVERSION = YES;
				CLANG_WARN_OBJC_ROOT_CLASS = YES_ERROR;
				CLANG_WARN_QUOTED_INCLUDE_IN_FRAMEWORK_HEADER = YES;
				CLANG_WARN_RANGE_LOOP_ANALYSIS = YES;
				CLANG_WARN_STRICT_PROTOTYPES = YES;
				CLANG_WARN_SUSPICIOUS_MOVE = YES;
				CLANG_WARN_UNGUARDED_AVAILABILITY = YES_AGGRESSIVE;
				CLANG_WARN_UNREACHABLE_CODE = YES;
				CLANG_WARN__DUPLICATE_METHOD_MATCH = YES;
				COPY_PHASE_STRIP = NO;
				DEBUG_INFORMATION_FORMAT = dwarf;
				ENABLE_STRICT_OBJC_MSGSEND = YES;
				ENABLE_TESTABILITY = YES;
				GCC_C_LANGUAGE_STANDARD = gnu11;
				GCC_DYNAMIC_NO_PIC = NO;
				GCC_NO_COMMON_BLOCKS = YES;
				GCC_OPTIMIZATION_LEVEL = 0;
				GCC_PREPROCESSOR_DEFINITIONS = (
					"DEBUG=1",
					"$(inherited)",
				);
				GCC_WARN_64_TO_32_BIT_CONVERSION = YES;
				GCC_WARN_ABOUT_RETURN_TYPE = YES_ERROR;
				GCC_WARN_UNDECLARED_SELECTOR = YES;
				GCC_WARN_UNINITIALIZED_AUTOS = YES_AGGRESSIVE;
				GCC_WARN_UNUSED_FUNCTION = YES;
				GCC_WARN_UNUSED_VARIABLE = YES;
				IPHONEOS_DEPLOYMENT_TARGET = 15.4;
				MTL_ENABLE_DEBUG_INFO = INCLUDE_SOURCE;
				MTL_FAST_MATH = YES;
				ONLY_ACTIVE_ARCH = YES;
				SDKROOT = iphoneos;
				SWIFT_ACTIVE_COMPILATION_CONDITIONS = DEBUG;
				SWIFT_OPTIMIZATION_LEVEL = "-Onone";
			};
			name = Debug;
		};
		70C34584280D9AFB0067504D /* Release */ = {
			isa = XCBuildConfiguration;
			buildSettings = {
				ALWAYS_SEARCH_USER_PATHS = NO;
				CLANG_ANALYZER_LOCALIZABILITY_NONLOCALIZED = YES;
				CLANG_ANALYZER_NONNULL = YES;
				CLANG_ANALYZER_NUMBER_OBJECT_CONVERSION = YES_AGGRESSIVE;
				CLANG_CXX_LANGUAGE_STANDARD = "gnu++17";
				CLANG_ENABLE_MODULES = YES;
				CLANG_ENABLE_OBJC_ARC = YES;
				CLANG_ENABLE_OBJC_WEAK = YES;
				CLANG_WARN_BLOCK_CAPTURE_AUTORELEASING = YES;
				CLANG_WARN_BOOL_CONVERSION = YES;
				CLANG_WARN_COMMA = YES;
				CLANG_WARN_CONSTANT_CONVERSION = YES;
				CLANG_WARN_DEPRECATED_OBJC_IMPLEMENTATIONS = YES;
				CLANG_WARN_DIRECT_OBJC_ISA_USAGE = YES_ERROR;
				CLANG_WARN_DOCUMENTATION_COMMENTS = YES;
				CLANG_WARN_EMPTY_BODY = YES;
				CLANG_WARN_ENUM_CONVERSION = YES;
				CLANG_WARN_INFINITE_RECURSION = YES;
				CLANG_WARN_INT_CONVERSION = YES;
				CLANG_WARN_NON_LITERAL_NULL_CONVERSION = YES;
				CLANG_WARN_OBJC_IMPLICIT_RETAIN_SELF = YES;
				CLANG_WARN_OBJC_LITERAL_CONVERSION = YES;
				CLANG_WARN_OBJC_ROOT_CLASS = YES_ERROR;
				CLANG_WARN_QUOTED_INCLUDE_IN_FRAMEWORK_HEADER = YES;
				CLANG_WARN_RANGE_LOOP_ANALYSIS = YES;
				CLANG_WARN_STRICT_PROTOTYPES = YES;
				CLANG_WARN_SUSPICIOUS_MOVE = YES;
				CLANG_WARN_UNGUARDED_AVAILABILITY = YES_AGGRESSIVE;
				CLANG_WARN_UNREACHABLE_CODE = YES;
				CLANG_WARN__DUPLICATE_METHOD_MATCH = YES;
				COPY_PHASE_STRIP = NO;
				DEBUG_INFORMATION_FORMAT = "dwarf-with-dsym";
				ENABLE_NS_ASSERTIONS = NO;
				ENABLE_STRICT_OBJC_MSGSEND = YES;
				GCC_C_LANGUAGE_STANDARD = gnu11;
				GCC_NO_COMMON_BLOCKS = YES;
				GCC_WARN_64_TO_32_BIT_CONVERSION = YES;
				GCC_WARN_ABOUT_RETURN_TYPE = YES_ERROR;
				GCC_WARN_UNDECLARED_SELECTOR = YES;
				GCC_WARN_UNINITIALIZED_AUTOS = YES_AGGRESSIVE;
				GCC_WARN_UNUSED_FUNCTION = YES;
				GCC_WARN_UNUSED_VARIABLE = YES;
				IPHONEOS_DEPLOYMENT_TARGET = 15.4;
				MTL_ENABLE_DEBUG_INFO = NO;
				MTL_FAST_MATH = YES;
				SDKROOT = iphoneos;
				SWIFT_COMPILATION_MODE = wholemodule;
				SWIFT_OPTIMIZATION_LEVEL = "-O";
				VALIDATE_PRODUCT = YES;
			};
			name = Release;
		};
		70C34586280D9AFB0067504D /* Debug */ = {
			isa = XCBuildConfiguration;
			baseConfigurationReference = 81DADE6E9F58C4190FDBA042 /* Pods-CurrencyExchange_MVVM.debug.xcconfig */;
			buildSettings = {
				ASSETCATALOG_COMPILER_APPICON_NAME = AppIcon;
				ASSETCATALOG_COMPILER_GLOBAL_ACCENT_COLOR_NAME = AccentColor;
				CODE_SIGN_STYLE = Automatic;
				CURRENT_PROJECT_VERSION = 1;
				DEVELOPMENT_TEAM = PD55FVRMRT;
				GENERATE_INFOPLIST_FILE = YES;
				INFOPLIST_FILE = CurrencyExchange_MVVM/Info.plist;
				INFOPLIST_KEY_UIApplicationSupportsIndirectInputEvents = YES;
				INFOPLIST_KEY_UILaunchStoryboardName = LaunchScreen;
				INFOPLIST_KEY_UIMainStoryboardFile = Main;
				INFOPLIST_KEY_UISupportedInterfaceOrientations_iPad = "UIInterfaceOrientationPortrait UIInterfaceOrientationPortraitUpsideDown UIInterfaceOrientationLandscapeLeft UIInterfaceOrientationLandscapeRight";
				INFOPLIST_KEY_UISupportedInterfaceOrientations_iPhone = "UIInterfaceOrientationPortrait UIInterfaceOrientationLandscapeLeft UIInterfaceOrientationLandscapeRight";
				LD_RUNPATH_SEARCH_PATHS = (
					"$(inherited)",
					"@executable_path/Frameworks",
				);
				MARKETING_VERSION = 1.0;
				PRODUCT_BUNDLE_IDENTIFIER = "enqq.CurrencyExchange-MVVM";
				PRODUCT_NAME = "$(TARGET_NAME)";
				SWIFT_EMIT_LOC_STRINGS = YES;
				SWIFT_VERSION = 5.0;
				TARGETED_DEVICE_FAMILY = "1,2";
			};
			name = Debug;
		};
		70C34587280D9AFB0067504D /* Release */ = {
			isa = XCBuildConfiguration;
			baseConfigurationReference = 298E0E69F67AF6C9ACD15865 /* Pods-CurrencyExchange_MVVM.release.xcconfig */;
			buildSettings = {
				ASSETCATALOG_COMPILER_APPICON_NAME = AppIcon;
				ASSETCATALOG_COMPILER_GLOBAL_ACCENT_COLOR_NAME = AccentColor;
				CODE_SIGN_STYLE = Automatic;
				CURRENT_PROJECT_VERSION = 1;
				DEVELOPMENT_TEAM = PD55FVRMRT;
				GENERATE_INFOPLIST_FILE = YES;
				INFOPLIST_FILE = CurrencyExchange_MVVM/Info.plist;
				INFOPLIST_KEY_UIApplicationSupportsIndirectInputEvents = YES;
				INFOPLIST_KEY_UILaunchStoryboardName = LaunchScreen;
				INFOPLIST_KEY_UIMainStoryboardFile = Main;
				INFOPLIST_KEY_UISupportedInterfaceOrientations_iPad = "UIInterfaceOrientationPortrait UIInterfaceOrientationPortraitUpsideDown UIInterfaceOrientationLandscapeLeft UIInterfaceOrientationLandscapeRight";
				INFOPLIST_KEY_UISupportedInterfaceOrientations_iPhone = "UIInterfaceOrientationPortrait UIInterfaceOrientationLandscapeLeft UIInterfaceOrientationLandscapeRight";
				LD_RUNPATH_SEARCH_PATHS = (
					"$(inherited)",
					"@executable_path/Frameworks",
				);
				MARKETING_VERSION = 1.0;
				PRODUCT_BUNDLE_IDENTIFIER = "enqq.CurrencyExchange-MVVM";
				PRODUCT_NAME = "$(TARGET_NAME)";
				SWIFT_EMIT_LOC_STRINGS = YES;
				SWIFT_VERSION = 5.0;
				TARGETED_DEVICE_FAMILY = "1,2";
			};
			name = Release;
		};
/* End XCBuildConfiguration section */

/* Begin XCConfigurationList section */
		70C3456C280D9AF80067504D /* Build configuration list for PBXProject "CurrencyExchange_MVVM" */ = {
			isa = XCConfigurationList;
			buildConfigurations = (
				70C34583280D9AFB0067504D /* Debug */,
				70C34584280D9AFB0067504D /* Release */,
			);
			defaultConfigurationIsVisible = 0;
			defaultConfigurationName = Release;
		};
		70C34585280D9AFB0067504D /* Build configuration list for PBXNativeTarget "CurrencyExchange_MVVM" */ = {
			isa = XCConfigurationList;
			buildConfigurations = (
				70C34586280D9AFB0067504D /* Debug */,
				70C34587280D9AFB0067504D /* Release */,
			);
			defaultConfigurationIsVisible = 0;
			defaultConfigurationName = Release;
		};
/* End XCConfigurationList section */
	};
	rootObject = 70C34569280D9AF80067504D /* Project object */;
}
